// !$*UTF8*$!
{
	archiveVersion = 1;
	classes = {
	};
	objectVersion = 55;
	objects = {

/* Begin PBXBuildFile section */
		377C2CB0280B8C09006CBF95 /* What_s_For_DinnerApp.swift in Sources */ = {isa = PBXBuildFile; fileRef = 377C2CAF280B8C09006CBF95 /* What_s_For_DinnerApp.swift */; };
		377C2CB2280B8C09006CBF95 /* RecipesListView.swift in Sources */ = {isa = PBXBuildFile; fileRef = 377C2CB1280B8C09006CBF95 /* RecipesListView.swift */; };
		377C2CB4280B8C0A006CBF95 /* Assets.xcassets in Resources */ = {isa = PBXBuildFile; fileRef = 377C2CB3280B8C0A006CBF95 /* Assets.xcassets */; };
		377C2CB7280B8C0A006CBF95 /* Preview Assets.xcassets in Resources */ = {isa = PBXBuildFile; fileRef = 377C2CB6280B8C0A006CBF95 /* Preview Assets.xcassets */; };
		377C2CC0280B8CFE006CBF95 /* Recipe.swift in Sources */ = {isa = PBXBuildFile; fileRef = 377C2CBF280B8CFE006CBF95 /* Recipe.swift */; };
		377C2CC3280FCC8D006CBF95 /* RecipeData.swift in Sources */ = {isa = PBXBuildFile; fileRef = 377C2CC2280FCC8D006CBF95 /* RecipeData.swift */; };
		377C2CC52811F73E006CBF95 /* RecipeDetailView.swift in Sources */ = {isa = PBXBuildFile; fileRef = 377C2CC42811F73E006CBF95 /* RecipeDetailView.swift */; };
		377C2CC728124638006CBF95 /* AppColor.swift in Sources */ = {isa = PBXBuildFile; fileRef = 377C2CC628124638006CBF95 /* AppColor.swift */; };
/* End PBXBuildFile section */

/* Begin PBXFileReference section */
		377C2CAC280B8C09006CBF95 /* What's For Dinner.app */ = {isa = PBXFileReference; explicitFileType = wrapper.application; includeInIndex = 0; path = "What's For Dinner.app"; sourceTree = BUILT_PRODUCTS_DIR; };
		377C2CAF280B8C09006CBF95 /* What_s_For_DinnerApp.swift */ = {isa = PBXFileReference; lastKnownFileType = sourcecode.swift; path = What_s_For_DinnerApp.swift; sourceTree = "<group>"; };
		377C2CB1280B8C09006CBF95 /* RecipesListView.swift */ = {isa = PBXFileReference; lastKnownFileType = sourcecode.swift; path = RecipesListView.swift; sourceTree = "<group>"; };
		377C2CB3280B8C0A006CBF95 /* Assets.xcassets */ = {isa = PBXFileReference; lastKnownFileType = folder.assetcatalog; path = Assets.xcassets; sourceTree = "<group>"; };
		377C2CB6280B8C0A006CBF95 /* Preview Assets.xcassets */ = {isa = PBXFileReference; lastKnownFileType = folder.assetcatalog; path = "Preview Assets.xcassets"; sourceTree = "<group>"; };
		377C2CBF280B8CFE006CBF95 /* Recipe.swift */ = {isa = PBXFileReference; lastKnownFileType = sourcecode.swift; path = Recipe.swift; sourceTree = "<group>"; };
		377C2CC2280FCC8D006CBF95 /* RecipeData.swift */ = {isa = PBXFileReference; lastKnownFileType = sourcecode.swift; path = RecipeData.swift; sourceTree = "<group>"; };
		377C2CC42811F73E006CBF95 /* RecipeDetailView.swift */ = {isa = PBXFileReference; lastKnownFileType = sourcecode.swift; path = RecipeDetailView.swift; sourceTree = "<group>"; };
		377C2CC628124638006CBF95 /* AppColor.swift */ = {isa = PBXFileReference; lastKnownFileType = sourcecode.swift; path = AppColor.swift; sourceTree = "<group>"; };
/* End PBXFileReference section */

/* Begin PBXFrameworksBuildPhase section */
		377C2CA9280B8C09006CBF95 /* Frameworks */ = {
			isa = PBXFrameworksBuildPhase;
			buildActionMask = 2147483647;
			files = (
			);
			runOnlyForDeploymentPostprocessing = 0;
		};
/* End PBXFrameworksBuildPhase section */

/* Begin PBXGroup section */
		377C2CA3280B8C09006CBF95 = {
			isa = PBXGroup;
			children = (
				377C2CAE280B8C09006CBF95 /* What's For Dinner */,
				377C2CAD280B8C09006CBF95 /* Products */,
			);
			sourceTree = "<group>";
		};
		377C2CAD280B8C09006CBF95 /* Products */ = {
			isa = PBXGroup;
			children = (
				377C2CAC280B8C09006CBF95 /* What's For Dinner.app */,
			);
			name = Products;
			sourceTree = "<group>";
		};
		377C2CAE280B8C09006CBF95 /* What's For Dinner */ = {
			isa = PBXGroup;
			children = (
				377C2CC1280DFB4D006CBF95 /* ViewModels */,
				377C2CBE280B8C3F006CBF95 /* Views */,
				377C2CBD280B8C36006CBF95 /* Models */,
				377C2CAF280B8C09006CBF95 /* What_s_For_DinnerApp.swift */,
				377C2CB3280B8C0A006CBF95 /* Assets.xcassets */,
				377C2CB5280B8C0A006CBF95 /* Preview Content */,
			);
			path = "What's For Dinner";
			sourceTree = "<group>";
		};
		377C2CB5280B8C0A006CBF95 /* Preview Content */ = {
			isa = PBXGroup;
			children = (
				377C2CB6280B8C0A006CBF95 /* Preview Assets.xcassets */,
			);
			path = "Preview Content";
			sourceTree = "<group>";
		};
		377C2CBD280B8C36006CBF95 /* Models */ = {
			isa = PBXGroup;
			children = (
				377C2CBF280B8CFE006CBF95 /* Recipe.swift */,
			);
			path = Models;
			sourceTree = "<group>";
		};
		377C2CBE280B8C3F006CBF95 /* Views */ = {
			isa = PBXGroup;
			children = (
				377C2CB1280B8C09006CBF95 /* RecipesListView.swift */,
				377C2CC42811F73E006CBF95 /* RecipeDetailView.swift */,
				377C2CC628124638006CBF95 /* AppColor.swift */,
			);
			path = Views;
			sourceTree = "<group>";
		};
		377C2CC1280DFB4D006CBF95 /* ViewModels */ = {
			isa = PBXGroup;
			children = (
				377C2CC2280FCC8D006CBF95 /* RecipeData.swift */,
			);
			path = ViewModels;
			sourceTree = "<group>";
		};
/* End PBXGroup section */

/* Begin PBXNativeTarget section */
		377C2CAB280B8C09006CBF95 /* What's For Dinner */ = {
			isa = PBXNativeTarget;
			buildConfigurationList = 377C2CBA280B8C0A006CBF95 /* Build configuration list for PBXNativeTarget "What's For Dinner" */;
			buildPhases = (
				377C2CA8280B8C09006CBF95 /* Sources */,
				377C2CA9280B8C09006CBF95 /* Frameworks */,
				377C2CAA280B8C09006CBF95 /* Resources */,
			);
			buildRules = (
			);
			dependencies = (
			);
			name = "What's For Dinner";
			productName = "What's For Dinner";
			productReference = 377C2CAC280B8C09006CBF95 /* What's For Dinner.app */;
			productType = "com.apple.product-type.application";
		};
/* End PBXNativeTarget section */

/* Begin PBXProject section */
		377C2CA4280B8C09006CBF95 /* Project object */ = {
			isa = PBXProject;
			attributes = {
				BuildIndependentTargetsInParallel = 1;
				LastSwiftUpdateCheck = 1330;
				LastUpgradeCheck = 1330;
				TargetAttributes = {
					377C2CAB280B8C09006CBF95 = {
						CreatedOnToolsVersion = 13.3.1;
					};
				};
			};
			buildConfigurationList = 377C2CA7280B8C09006CBF95 /* Build configuration list for PBXProject "What's For Dinner" */;
			compatibilityVersion = "Xcode 13.0";
			developmentRegion = en;
			hasScannedForEncodings = 0;
			knownRegions = (
				en,
				Base,
			);
			mainGroup = 377C2CA3280B8C09006CBF95;
			productRefGroup = 377C2CAD280B8C09006CBF95 /* Products */;
			projectDirPath = "";
			projectRoot = "";
			targets = (
				377C2CAB280B8C09006CBF95 /* What's For Dinner */,
			);
		};
/* End PBXProject section */

/* Begin PBXResourcesBuildPhase section */
		377C2CAA280B8C09006CBF95 /* Resources */ = {
			isa = PBXResourcesBuildPhase;
			buildActionMask = 2147483647;
			files = (
				377C2CB7280B8C0A006CBF95 /* Preview Assets.xcassets in Resources */,
				377C2CB4280B8C0A006CBF95 /* Assets.xcassets in Resources */,
			);
			runOnlyForDeploymentPostprocessing = 0;
		};
/* End PBXResourcesBuildPhase section */

/* Begin PBXSourcesBuildPhase section */
		377C2CA8280B8C09006CBF95 /* Sources */ = {
			isa = PBXSourcesBuildPhase;
			buildActionMask = 2147483647;
			files = (
				377C2CC0280B8CFE006CBF95 /* Recipe.swift in Sources */,
				377C2CC52811F73E006CBF95 /* RecipeDetailView.swift in Sources */,
				377C2CC3280FCC8D006CBF95 /* RecipeData.swift in Sources */,
				377C2CB2280B8C09006CBF95 /* RecipesListView.swift in Sources */,
				377C2CB0280B8C09006CBF95 /* What_s_For_DinnerApp.swift in Sources */,
				377C2CC728124638006CBF95 /* AppColor.swift in Sources */,
			);
			runOnlyForDeploymentPostprocessing = 0;
		};
/* End PBXSourcesBuildPhase section */

/* Begin XCBuildConfiguration section */
		377C2CB8280B8C0A006CBF95 /* Debug */ = {
			isa = XCBuildConfiguration;
			buildSettings = {
				ALWAYS_SEARCH_USER_PATHS = NO;
				CLANG_ANALYZER_NONNULL = YES;
				CLANG_ANALYZER_NUMBER_OBJECT_CONVERSION = YES_AGGRESSIVE;
				CLANG_CXX_LANGUAGE_STANDARD = "gnu++17";
				CLANG_ENABLE_MODULES = YES;
				CLANG_ENABLE_OBJC_ARC = YES;
				CLANG_ENABLE_OBJC_WEAK = YES;
				CLANG_WARN_BLOCK_CAPTURE_AUTORELEASING = YES;
				CLANG_WARN_BOOL_CONVERSION = YES;
				CLANG_WARN_COMMA = YES;
				CLANG_WARN_CONSTANT_CONVERSION = YES;
				CLANG_WARN_DEPRECATED_OBJC_IMPLEMENTATIONS = YES;
				CLANG_WARN_DIRECT_OBJC_ISA_USAGE = YES_ERROR;
				CLANG_WARN_DOCUMENTATION_COMMENTS = YES;
				CLANG_WARN_EMPTY_BODY = YES;
				CLANG_WARN_ENUM_CONVERSION = YES;
				CLANG_WARN_INFINITE_RECURSION = YES;
				CLANG_WARN_INT_CONVERSION = YES;
				CLANG_WARN_NON_LITERAL_NULL_CONVERSION = YES;
				CLANG_WARN_OBJC_IMPLICIT_RETAIN_SELF = YES;
				CLANG_WARN_OBJC_LITERAL_CONVERSION = YES;
				CLANG_WARN_OBJC_ROOT_CLASS = YES_ERROR;
				CLANG_WARN_QUOTED_INCLUDE_IN_FRAMEWORK_HEADER = YES;
				CLANG_WARN_RANGE_LOOP_ANALYSIS = YES;
				CLANG_WARN_STRICT_PROTOTYPES = YES;
				CLANG_WARN_SUSPICIOUS_MOVE = YES;
				CLANG_WARN_UNGUARDED_AVAILABILITY = YES_AGGRESSIVE;
				CLANG_WARN_UNREACHABLE_CODE = YES;
				CLANG_WARN__DUPLICATE_METHOD_MATCH = YES;
				COPY_PHASE_STRIP = NO;
				DEBUG_INFORMATION_FORMAT = dwarf;
				ENABLE_STRICT_OBJC_MSGSEND = YES;
				ENABLE_TESTABILITY = YES;
				GCC_C_LANGUAGE_STANDARD = gnu11;
				GCC_DYNAMIC_NO_PIC = NO;
				GCC_NO_COMMON_BLOCKS = YES;
				GCC_OPTIMIZATION_LEVEL = 0;
				GCC_PREPROCESSOR_DEFINITIONS = (
					"DEBUG=1",
					"$(inherited)",
				);
				GCC_WARN_64_TO_32_BIT_CONVERSION = YES;
				GCC_WARN_ABOUT_RETURN_TYPE = YES_ERROR;
				GCC_WARN_UNDECLARED_SELECTOR = YES;
				GCC_WARN_UNINITIALIZED_AUTOS = YES_AGGRESSIVE;
				GCC_WARN_UNUSED_FUNCTION = YES;
				GCC_WARN_UNUSED_VARIABLE = YES;
				IPHONEOS_DEPLOYMENT_TARGET = 15.4;
				MTL_ENABLE_DEBUG_INFO = INCLUDE_SOURCE;
				MTL_FAST_MATH = YES;
				ONLY_ACTIVE_ARCH = YES;
				SDKROOT = iphoneos;
				SWIFT_ACTIVE_COMPILATION_CONDITIONS = DEBUG;
				SWIFT_OPTIMIZATION_LEVEL = "-Onone";
			};
			name = Debug;
		};
		377C2CB9280B8C0A006CBF95 /* Release */ = {
			isa = XCBuildConfiguration;
			buildSettings = {
				ALWAYS_SEARCH_USER_PATHS = NO;
				CLANG_ANALYZER_NONNULL = YES;
				CLANG_ANALYZER_NUMBER_OBJECT_CONVERSION = YES_AGGRESSIVE;
				CLANG_CXX_LANGUAGE_STANDARD = "gnu++17";
				CLANG_ENABLE_MODULES = YES;
				CLANG_ENABLE_OBJC_ARC = YES;
				CLANG_ENABLE_OBJC_WEAK = YES;
				CLANG_WARN_BLOCK_CAPTURE_AUTORELEASING = YES;
				CLANG_WARN_BOOL_CONVERSION = YES;
				CLANG_WARN_COMMA = YES;
				CLANG_WARN_CONSTANT_CONVERSION = YES;
				CLANG_WARN_DEPRECATED_OBJC_IMPLEMENTATIONS = YES;
				CLANG_WARN_DIRECT_OBJC_ISA_USAGE = YES_ERROR;
				CLANG_WARN_DOCUMENTATION_COMMENTS = YES;
				CLANG_WARN_EMPTY_BODY = YES;
				CLANG_WARN_ENUM_CONVERSION = YES;
				CLANG_WARN_INFINITE_RECURSION = YES;
				CLANG_WARN_INT_CONVERSION = YES;
				CLANG_WARN_NON_LITERAL_NULL_CONVERSION = YES;
				CLANG_WARN_OBJC_IMPLICIT_RETAIN_SELF = YES;
				CLANG_WARN_OBJC_LITERAL_CONVERSION = YES;
				CLANG_WARN_OBJC_ROOT_CLASS = YES_ERROR;
				CLANG_WARN_QUOTED_INCLUDE_IN_FRAMEWORK_HEADER = YES;
				CLANG_WARN_RANGE_LOOP_ANALYSIS = YES;
				CLANG_WARN_STRICT_PROTOTYPES = YES;
				CLANG_WARN_SUSPICIOUS_MOVE = YES;
				CLANG_WARN_UNGUARDED_AVAILABILITY = YES_AGGRESSIVE;
				CLANG_WARN_UNREACHABLE_CODE = YES;
				CLANG_WARN__DUPLICATE_METHOD_MATCH = YES;
				COPY_PHASE_STRIP = NO;
				DEBUG_INFORMATION_FORMAT = "dwarf-with-dsym";
				ENABLE_NS_ASSERTIONS = NO;
				ENABLE_STRICT_OBJC_MSGSEND = YES;
				GCC_C_LANGUAGE_STANDARD = gnu11;
				GCC_NO_COMMON_BLOCKS = YES;
				GCC_WARN_64_TO_32_BIT_CONVERSION = YES;
				GCC_WARN_ABOUT_RETURN_TYPE = YES_ERROR;
				GCC_WARN_UNDECLARED_SELECTOR = YES;
				GCC_WARN_UNINITIALIZED_AUTOS = YES_AGGRESSIVE;
				GCC_WARN_UNUSED_FUNCTION = YES;
				GCC_WARN_UNUSED_VARIABLE = YES;
				IPHONEOS_DEPLOYMENT_TARGET = 15.4;
				MTL_ENABLE_DEBUG_INFO = NO;
				MTL_FAST_MATH = YES;
				SDKROOT = iphoneos;
				SWIFT_COMPILATION_MODE = wholemodule;
				SWIFT_OPTIMIZATION_LEVEL = "-O";
				VALIDATE_PRODUCT = YES;
			};
			name = Release;
		};
		377C2CBB280B8C0A006CBF95 /* Debug */ = {
			isa = XCBuildConfiguration;
			buildSettings = {
				ASSETCATALOG_COMPILER_APPICON_NAME = AppIcon;
				ASSETCATALOG_COMPILER_GLOBAL_ACCENT_COLOR_NAME = AccentColor;
				CODE_SIGN_STYLE = Automatic;
				CURRENT_PROJECT_VERSION = 1;
				DEVELOPMENT_ASSET_PATHS = "\"What's For Dinner/Preview Content\"";
				DEVELOPMENT_TEAM = 37884VKC8R;
				ENABLE_PREVIEWS = YES;
				GENERATE_INFOPLIST_FILE = YES;
				INFOPLIST_KEY_UIApplicationSceneManifest_Generation = YES;
				INFOPLIST_KEY_UIApplicationSupportsIndirectInputEvents = YES;
				INFOPLIST_KEY_UILaunchScreen_Generation = YES;
				INFOPLIST_KEY_UISupportedInterfaceOrientations_iPad = "UIInterfaceOrientationPortrait UIInterfaceOrientationPortraitUpsideDown UIInterfaceOrientationLandscapeLeft UIInterfaceOrientationLandscapeRight";
				INFOPLIST_KEY_UISupportedInterfaceOrientations_iPhone = "UIInterfaceOrientationPortrait UIInterfaceOrientationLandscapeLeft UIInterfaceOrientationLandscapeRight";
				LD_RUNPATH_SEARCH_PATHS = (
					"$(inherited)",
					"@executable_path/Frameworks",
				);
				MARKETING_VERSION = 1.0;
				PRODUCT_BUNDLE_IDENTIFIER = "com.saramutina.What-s-For-Dinner";
				PRODUCT_NAME = "$(TARGET_NAME)";
				SWIFT_EMIT_LOC_STRINGS = YES;
				SWIFT_VERSION = 5.0;
				TARGETED_DEVICE_FAMILY = "1,2";
			};
			name = Debug;
		};
		377C2CBC280B8C0A006CBF95 /* Release */ = {
			isa = XCBuildConfiguration;
			buildSettings = {
				ASSETCATALOG_COMPILER_APPICON_NAME = AppIcon;
				ASSETCATALOG_COMPILER_GLOBAL_ACCENT_COLOR_NAME = AccentColor;
				CODE_SIGN_STYLE = Automatic;
				CURRENT_PROJECT_VERSION = 1;
				DEVELOPMENT_ASSET_PATHS = "\"What's For Dinner/Preview Content\"";
				DEVELOPMENT_TEAM = 37884VKC8R;
				ENABLE_PREVIEWS = YES;
				GENERATE_INFOPLIST_FILE = YES;
				INFOPLIST_KEY_UIApplicationSceneManifest_Generation = YES;
				INFOPLIST_KEY_UIApplicationSupportsIndirectInputEvents = YES;
				INFOPLIST_KEY_UILaunchScreen_Generation = YES;
				INFOPLIST_KEY_UISupportedInterfaceOrientations_iPad = "UIInterfaceOrientationPortrait UIInterfaceOrientationPortraitUpsideDown UIInterfaceOrientationLandscapeLeft UIInterfaceOrientationLandscapeRight";
				INFOPLIST_KEY_UISupportedInterfaceOrientations_iPhone = "UIInterfaceOrientationPortrait UIInterfaceOrientationLandscapeLeft UIInterfaceOrientationLandscapeRight";
				LD_RUNPATH_SEARCH_PATHS = (
					"$(inherited)",
					"@executable_path/Frameworks",
				);
				MARKETING_VERSION = 1.0;
				PRODUCT_BUNDLE_IDENTIFIER = "com.saramutina.What-s-For-Dinner";
				PRODUCT_NAME = "$(TARGET_NAME)";
				SWIFT_EMIT_LOC_STRINGS = YES;
				SWIFT_VERSION = 5.0;
				TARGETED_DEVICE_FAMILY = "1,2";
			};
			name = Release;
		};
/* End XCBuildConfiguration section */

/* Begin XCConfigurationList section */
		377C2CA7280B8C09006CBF95 /* Build configuration list for PBXProject "What's For Dinner" */ = {
			isa = XCConfigurationList;
			buildConfigurations = (
				377C2CB8280B8C0A006CBF95 /* Debug */,
				377C2CB9280B8C0A006CBF95 /* Release */,
			);
			defaultConfigurationIsVisible = 0;
			defaultConfigurationName = Release;
		};
		377C2CBA280B8C0A006CBF95 /* Build configuration list for PBXNativeTarget "What's For Dinner" */ = {
			isa = XCConfigurationList;
			buildConfigurations = (
				377C2CBB280B8C0A006CBF95 /* Debug */,
				377C2CBC280B8C0A006CBF95 /* Release */,
			);
			defaultConfigurationIsVisible = 0;
			defaultConfigurationName = Release;
		};
/* End XCConfigurationList section */
	};
	rootObject = 377C2CA4280B8C09006CBF95 /* Project object */;
}
